
Microsoft Visual Studio Solution File, Format Version 12.00
# Visual Studio Version 16
VisualStudioVersion = 16.0.29905.134
MinimumVisualStudioVersion = 10.0.40219.1
Project("{FAE04EC0-301F-11D3-BF4B-00C04F79EFBC}") = "ServerConsole", "ServerConsole\ServerConsole.csproj", "{C437A3B2-9E39-4753-A980-F7E7882C0980}"
EndProject
Project("{FAE04EC0-301F-11D3-BF4B-00C04F79EFBC}") = "Server", "Server\Server.csproj", "{10CBDF43-2017-429A-B5D4-F8089060064D}"
EndProject
Project("{FAE04EC0-301F-11D3-BF4B-00C04F79EFBC}") = "ClientConsoleTest", "ClientConsoleTest\ClientConsoleTest.csproj", "{DAEFB09D-3044-4FEC-9EAC-2675355DFAAB}"
EndProject
Global
	GlobalSection(SolutionConfigurationPlatforms) = preSolution
		Debug|Any CPU = Debug|Any CPU
		Release|Any CPU = Release|Any CPU
	EndGlobalSection
	GlobalSection(ProjectConfigurationPlatforms) = postSolution
		{C437A3B2-9E39-4753-A980-F7E7882C0980}.Debug|Any CPU.ActiveCfg = Debug|Any CPU
		{C437A3B2-9E39-4753-A980-F7E7882C0980}.Debug|Any CPU.Build.0 = Debug|Any CPU
		{C437A3B2-9E39-4753-A980-F7E7882C0980}.Release|Any CPU.ActiveCfg = Release|Any CPU
		{C437A3B2-9E39-4753-A980-F7E7882C0980}.Release|Any CPU.Build.0 = Release|Any CPU
		{10CBDF43-2017-429A-B5D4-F8089060064D}.Debug|Any CPU.ActiveCfg = Debug|Any CPU
		{10CBDF43-2017-429A-B5D4-F8089060064D}.Debug|Any CPU.Build.0 = Debug|Any CPU
		{10CBDF43-2017-429A-B5D4-F8089060064D}.Release|Any CPU.ActiveCfg = Release|Any CPU
		{10CBDF43-2017-429A-B5D4-F8089060064D}.Release|Any CPU.Build.0 = Release|Any CPU
		{DAEFB09D-3044-4FEC-9EAC-2675355DFAAB}.Debug|Any CPU.ActiveCfg = Debug|Any CPU
		{DAEFB09D-3044-4FEC-9EAC-2675355DFAAB}.Debug|Any CPU.Build.0 = Debug|Any CPU
		{DAEFB09D-3044-4FEC-9EAC-2675355DFAAB}.Release|Any CPU.ActiveCfg = Release|Any CPU
		{DAEFB09D-3044-4FEC-9EAC-2675355DFAAB}.Release|Any CPU.Build.0 = Release|Any CPU
	EndGlobalSection
	GlobalSection(SolutionProperties) = preSolution
		HideSolutionNode = FALSE
	EndGlobalSection
	GlobalSection(ExtensibilityGlobals) = postSolution
		SolutionGuid = {6D40ACF0-A999-4217-A9E5-CE13891F34B6}
	EndGlobalSection
EndGlobal
